{
    "_meta": {
        "hash": {
            "sha256": "4f97e1ab6e2dd6f61cf5210d8f5ea48624c5e82844f98c1dd077ea5959e1cc10"
        },
        "pipfile-spec": 6,
        "requires": {
            "python_version": "3.8"
        },
        "sources": [
            {
                "name": "pypi",
                "url": "https://pypi.org/simple",
                "verify_ssl": true
            }
        ]
    },
    "default": {
        "numpy": {
            "hashes": [
                "sha256:03ae5850619abb34a879d5f2d4bb4dcd025d6d8fb72f5e461dae84edccfe129f",
                "sha256:076aee5a3763d41da6bef9565fdf3cb987606f567cd8b104aded2b38b7b47abf",
                "sha256:0b536b6840e84c1c6a410f3a5aa727821e6108f3454d81a5cd5900999ef04f89",
                "sha256:15efb7b93806d438e3bc590ca8ef2f953b0ce4f86f337ef4559d31ec6cf9d7dd",
                "sha256:168259b1b184aa83a514f307352c25c56af111c269ffc109d9704e81f72e764b",
                "sha256:2638389562bda1635b564490d76713695ff497242a83d9b684d27bb4a6cc9d7a",
                "sha256:3556c5550de40027d3121ebbb170f61bbe19eb639c7ad0c7b482cd9b560cd23b",
                "sha256:4a176959b6e7e00b5a0d6f549a479f869829bfd8150282c590deee6d099bbb6e",
                "sha256:515a8b6edbb904594685da6e176ac9fbea8f73a5ebae947281de6613e27f1956",
                "sha256:55535c7c2f61e2b2fc817c5cbe1af7cb907c7f011e46ae0a52caa4be1f19afe2",
                "sha256:59153979d60f5bfe9e4c00e401e24dfe0469ef8da6d68247439d3278f30a180f",
                "sha256:60cb8e5933193a3cc2912ee29ca331e9c15b2da034f76159b7abc520b3d1233a",
                "sha256:6767ad399e9327bfdbaa40871be4254d1995f4a3ca3806127f10cec778bd9896",
                "sha256:76a4f9bce0278becc2da7da3b8ef854bed41a991f4226911a24a9711baad672c",
                "sha256:8cf33634b60c9cef346663a222d9841d3bbbc0a2f00221d6bcfd0d993d5543f6",
                "sha256:94dd11d9f13ea1be17bac39c1942f527cbf7065f94953cf62dfe805653da2f8f",
                "sha256:aafa46b5a39a27aca566198d3312fb3bde95ce9677085efd02c86f7ef6be4ec7",
                "sha256:badca914580eb46385e7f7e4e426fea6de0a37b9e06bec252e481ae7ec287082",
                "sha256:d76a26c5118c4d96e264acc9e3242d72e1a2b92e739807b3b69d8d47684b6677"
            ],
            "index": "pypi",
            "version": "==1.22.2"
        },
        "pandas": {
            "hashes": [
                "sha256:0f19504f2783526fb5b4de675ea69d68974e21c1624f4b92295d057a31d5ec5f",
                "sha256:156aac90dd7b303bf0b91bae96c0503212777f86c731e41929c571125d26c8e9",
                "sha256:1d59c958d6b8f96fdf850c7821571782168d5acfe75ccf78cd8d1ac15fb921df",
                "sha256:1f3b74335390dda49f5d5089fab71958812bf56f42aa27663ee4c16d19f4f1c5",
                "sha256:23c04dab11f3c6359cfa7afa83d3d054a8f8c283d773451184d98119ef54da97",
                "sha256:2dad075089e17a72391de33021ad93720aff258c3c4b68c78e1cafce7e447045",
                "sha256:46a18572f3e1cb75db59d9461940e9ba7ee38967fa48dd58f4139197f6e32280",
                "sha256:4a8d5a200f8685e7ea562b2f022c77ab7cb82c1ca5b240e6965faa6f84e5c1e9",
                "sha256:51e5da3802aaee1aa4254108ffaf1129a15fb3810b7ce8da1ec217c655b418f5",
                "sha256:5229c95db3a907451dacebc551492db6f7d01743e49bbc862f4a6010c227d187",
                "sha256:5280d057ddae06fe4a3cd6aa79040b8c205cd6dd21743004cf8635f39ed01712",
                "sha256:55ec0e192eefa26d823fc25a1f213d6c304a3592915f368e360652994cdb8d9a",
                "sha256:73f7da2ccc38cc988b74e5400b430b7905db5f2c413ff215506bea034eaf832d",
                "sha256:784cca3f69cfd7f6bd7c7fdb44f2bbab17e6de55725e9ff36d6f382510dfefb5",
                "sha256:b5af258c7b090cca7b742cf2bd67ad1919aa9e4e681007366c9edad2d6a3d42b",
                "sha256:cdd76254c7f0a1583bd4e4781fb450d0ebf392e10d3f12e92c95575942e37df5",
                "sha256:de62cf699122dcef175988f0714678e59c453dc234c5b47b7136bfd7641e3c8c",
                "sha256:de8f8999864399529e8514a2e6bfe00fd161f0a667903655552ed12e583ae3cb",
                "sha256:f045bb5c6bfaba536089573bf97d6b8ccc7159d951fe63904c395a5e486fbe14",
                "sha256:f103a5cdcd66cb18882ccdc18a130c31c3cfe3529732e7f10a8ab3559164819c",
                "sha256:fe454180ad31bbbe1e5d111b44443258730467f035e26b4e354655ab59405871"
            ],
            "index": "pypi",
            "version": "==1.4.0"
        },
        "python-dateutil": {
            "hashes": [
                "sha256:0123cacc1627ae19ddf3c27a5de5bd67ee4586fbdd6440d9748f8abb483d3e86",
                "sha256:961d03dc3453ebbc59dbdea9e4e11c5651520a876d0f4db161e8674aae935da9"
            ],
            "markers": "python_version >= '2.7' and python_version not in '3.0, 3.1, 3.2, 3.3'",
            "version": "==2.8.2"
        },
        "pytz": {
            "hashes": [
                "sha256:3672058bc3453457b622aab7a1c3bfd5ab0bdae451512f6cf25f64ed37f5b87c",
                "sha256:acad2d8b20a1af07d4e4c9d2e9285c5ed9104354062f275f3fcd88dcef4f1326"
            ],
            "version": "==2021.3"
        },
        "six": {
            "hashes": [
                "sha256:1e61c37477a1626458e36f7b1d82aa5c9b094fa4802892072e49de9c60c4c926",
                "sha256:8abb2f1d86890a2dfb989f9a77cfcfd3e47c2a354b01111771326f8aa26e0254"
            ],
            "markers": "python_version >= '2.7' and python_version not in '3.0, 3.1, 3.2, 3.3'",
            "version": "==1.16.0"
        }
    },
    "develop": {}
}
